
Microsoft Visual Studio Solution File, Format Version 12.00
# Visual Studio Version 17
VisualStudioVersion = 17.11.35327.3
MinimumVisualStudioVersion = 10.0.40219.1
Project("{FAE04EC0-301F-11D3-BF4B-00C04F79EFBC}") = "MauiApp1", "MauiApp1\MauiApp1.csproj", "{FB34807F-4475-4894-86D5-B65EE53F3F42}"
EndProject
Global
	GlobalSection(SolutionConfigurationPlatforms) = preSolution
		Debug|Any CPU = Debug|Any CPU
		Release|Any CPU = Release|Any CPU
	EndGlobalSection
	GlobalSection(ProjectConfigurationPlatforms) = postSolution
		{FB34807F-4475-4894-86D5-B65EE53F3F42}.Debug|Any CPU.ActiveCfg = Debug|Any CPU
		{FB34807F-4475-4894-86D5-B65EE53F3F42}.Debug|Any CPU.Build.0 = Debug|Any CPU
		{FB34807F-4475-4894-86D5-B65EE53F3F42}.Debug|Any CPU.Deploy.0 = Debug|Any CPU
		{FB34807F-4475-4894-86D5-B65EE53F3F42}.Release|Any CPU.ActiveCfg = Release|Any CPU
		{FB34807F-4475-4894-86D5-B65EE53F3F42}.Release|Any CPU.Build.0 = Release|Any CPU
		{FB34807F-4475-4894-86D5-B65EE53F3F42}.Release|Any CPU.Deploy.0 = Release|Any CPU
	EndGlobalSection
	GlobalSection(SolutionProperties) = preSolution
		HideSolutionNode = FALSE
	EndGlobalSection
	GlobalSection(ExtensibilityGlobals) = postSolution
		SolutionGuid = {05DAD3D7-11CC-4600-9436-4E04C4E64CC5}
	EndGlobalSection
EndGlobal
